
Microsoft Visual Studio Solution File, Format Version 12.00
# Visual Studio Version 17
VisualStudioVersion = 17.0.32014.148
MinimumVisualStudioVersion = 10.0.40219.1
Project("{9A19103F-16F7-4668-BE54-9A1E7A4F7556}") = "Hercules.ED.ResearcherObjectLoad", "Hercules.ED.ResearcherObjectLoad\Hercules.ED.ResearcherObjectLoad.csproj", "{728E36DD-4321-46D7-8BFA-6BC5C0AE6ABB}"
EndProject
Project("{9A19103F-16F7-4668-BE54-9A1E7A4F7556}") = "hercules", "ClasesGeneradas\hercules.csproj", "{6470BDB2-EDB4-46C0-BD9B-C365BD0A930B}"
EndProject
Project("{9A19103F-16F7-4668-BE54-9A1E7A4F7556}") = "Hercules.CommonsEDMA.DisambiguationEngine", "..\..\..\Commons-ED-MA\src\Hercules.CommonsEDMA.DisambiguationEngine\Hercules.CommonsEDMA.DisambiguationEngine\Hercules.CommonsEDMA.DisambiguationEngine.csproj", "{77343436-EC9F-4AAE-A8D2-8489D1C9C89F}"
EndProject
Global
	GlobalSection(SolutionConfigurationPlatforms) = preSolution
		Debug|Any CPU = Debug|Any CPU
		Release|Any CPU = Release|Any CPU
	EndGlobalSection
	GlobalSection(ProjectConfigurationPlatforms) = postSolution
		{728E36DD-4321-46D7-8BFA-6BC5C0AE6ABB}.Debug|Any CPU.ActiveCfg = Debug|Any CPU
		{728E36DD-4321-46D7-8BFA-6BC5C0AE6ABB}.Debug|Any CPU.Build.0 = Debug|Any CPU
		{728E36DD-4321-46D7-8BFA-6BC5C0AE6ABB}.Release|Any CPU.ActiveCfg = Release|Any CPU
		{728E36DD-4321-46D7-8BFA-6BC5C0AE6ABB}.Release|Any CPU.Build.0 = Release|Any CPU
		{6470BDB2-EDB4-46C0-BD9B-C365BD0A930B}.Debug|Any CPU.ActiveCfg = Debug|Any CPU
		{6470BDB2-EDB4-46C0-BD9B-C365BD0A930B}.Debug|Any CPU.Build.0 = Debug|Any CPU
		{6470BDB2-EDB4-46C0-BD9B-C365BD0A930B}.Release|Any CPU.ActiveCfg = Release|Any CPU
		{6470BDB2-EDB4-46C0-BD9B-C365BD0A930B}.Release|Any CPU.Build.0 = Release|Any CPU
		{77343436-EC9F-4AAE-A8D2-8489D1C9C89F}.Debug|Any CPU.ActiveCfg = Debug|Any CPU
		{77343436-EC9F-4AAE-A8D2-8489D1C9C89F}.Debug|Any CPU.Build.0 = Debug|Any CPU
		{77343436-EC9F-4AAE-A8D2-8489D1C9C89F}.Release|Any CPU.ActiveCfg = Release|Any CPU
		{77343436-EC9F-4AAE-A8D2-8489D1C9C89F}.Release|Any CPU.Build.0 = Release|Any CPU
	EndGlobalSection
	GlobalSection(SolutionProperties) = preSolution
		HideSolutionNode = FALSE
	EndGlobalSection
	GlobalSection(ExtensibilityGlobals) = postSolution
		SolutionGuid = {6BAB53C7-2688-4FDB-8D18-E920B383E221}
	EndGlobalSection
EndGlobal
