
Microsoft Visual Studio Solution File, Format Version 12.00
# Visual Studio Version 17
VisualStudioVersion = 17.1.32228.430
MinimumVisualStudioVersion = 10.0.40219.1
Project("{FAE04EC0-301F-11D3-BF4B-00C04F79EFBC}") = "Hercules.ED.Synchronization", "Hercules.ED.Synchronization\Hercules.ED.Synchronization.csproj", "{CE915F1C-4246-4E65-82F7-BFF9E5CD5F93}"
EndProject
Global
	GlobalSection(SolutionConfigurationPlatforms) = preSolution
		Debug|Any CPU = Debug|Any CPU
		Release|Any CPU = Release|Any CPU
	EndGlobalSection
	GlobalSection(ProjectConfigurationPlatforms) = postSolution
		{CE915F1C-4246-4E65-82F7-BFF9E5CD5F93}.Debug|Any CPU.ActiveCfg = Debug|Any CPU
		{CE915F1C-4246-4E65-82F7-BFF9E5CD5F93}.Debug|Any CPU.Build.0 = Debug|Any CPU
		{CE915F1C-4246-4E65-82F7-BFF9E5CD5F93}.Release|Any CPU.ActiveCfg = Release|Any CPU
		{CE915F1C-4246-4E65-82F7-BFF9E5CD5F93}.Release|Any CPU.Build.0 = Release|Any CPU
	EndGlobalSection
	GlobalSection(SolutionProperties) = preSolution
		HideSolutionNode = FALSE
	EndGlobalSection
	GlobalSection(ExtensibilityGlobals) = postSolution
		SolutionGuid = {C7F68822-8A5F-4106-97CB-83AF73ACBDE7}
	EndGlobalSection
EndGlobal
