
Microsoft Visual Studio Solution File, Format Version 12.00
# Visual Studio Version 16
VisualStudioVersion = 16.0.30804.86
MinimumVisualStudioVersion = 10.0.40219.1
Project("{FAE04EC0-301F-11D3-BF4B-00C04F79EFBC}") = "EdicionCV", "EdicionCV\EdicionCV.csproj", "{EFCB6EA0-4FAC-47CE-8B62-56B929AD4A99}"
EndProject
Global
	GlobalSection(SolutionConfigurationPlatforms) = preSolution
		Debug|Any CPU = Debug|Any CPU
		Release|Any CPU = Release|Any CPU
	EndGlobalSection
	GlobalSection(ProjectConfigurationPlatforms) = postSolution
		{EFCB6EA0-4FAC-47CE-8B62-56B929AD4A99}.Debug|Any CPU.ActiveCfg = Debug|Any CPU
		{EFCB6EA0-4FAC-47CE-8B62-56B929AD4A99}.Debug|Any CPU.Build.0 = Debug|Any CPU
		{EFCB6EA0-4FAC-47CE-8B62-56B929AD4A99}.Release|Any CPU.ActiveCfg = Release|Any CPU
		{EFCB6EA0-4FAC-47CE-8B62-56B929AD4A99}.Release|Any CPU.Build.0 = Release|Any CPU
	EndGlobalSection
	GlobalSection(SolutionProperties) = preSolution
		HideSolutionNode = FALSE
	EndGlobalSection
	GlobalSection(ExtensibilityGlobals) = postSolution
		SolutionGuid = {535DD24D-2493-4C62-95E4-E4C2C6B80CFA}
	EndGlobalSection
EndGlobal
