
Microsoft Visual Studio Solution File, Format Version 12.00
# Visual Studio Version 17
VisualStudioVersion = 17.1.32228.430
MinimumVisualStudioVersion = 10.0.40219.1
Project("{FAE04EC0-301F-11D3-BF4B-00C04F79EFBC}") = "Hercules.ED.GraphicEngine", "Hercules.ED.GraphicEngine\Hercules.ED.GraphicEngine.csproj", "{6C33B7A0-EB45-4251-98BE-E2B1A24F03AC}"
EndProject
Global
	GlobalSection(SolutionConfigurationPlatforms) = preSolution
		Debug|Any CPU = Debug|Any CPU
		Release|Any CPU = Release|Any CPU
	EndGlobalSection
	GlobalSection(ProjectConfigurationPlatforms) = postSolution
		{6C33B7A0-EB45-4251-98BE-E2B1A24F03AC}.Debug|Any CPU.ActiveCfg = Debug|Any CPU
		{6C33B7A0-EB45-4251-98BE-E2B1A24F03AC}.Debug|Any CPU.Build.0 = Debug|Any CPU
		{6C33B7A0-EB45-4251-98BE-E2B1A24F03AC}.Release|Any CPU.ActiveCfg = Release|Any CPU
		{6C33B7A0-EB45-4251-98BE-E2B1A24F03AC}.Release|Any CPU.Build.0 = Release|Any CPU
	EndGlobalSection
	GlobalSection(SolutionProperties) = preSolution
		HideSolutionNode = FALSE
	EndGlobalSection
	GlobalSection(ExtensibilityGlobals) = postSolution
		SolutionGuid = {995C80D4-D04C-4DE3-9364-A3EEBE449814}
	EndGlobalSection
EndGlobal
