
Microsoft Visual Studio Solution File, Format Version 12.00
# Visual Studio Version 16
VisualStudioVersion = 16.0.31729.503
MinimumVisualStudioVersion = 10.0.40219.1
Project("{9A19103F-16F7-4668-BE54-9A1E7A4F7556}") = "SemanticScholarAPI", "SemanticScholarAPI.csproj", "{6EF49DD7-C268-4EB0-A6F8-D21A96E5BF08}"
EndProject
Global
	GlobalSection(SolutionConfigurationPlatforms) = preSolution
		Debug|Any CPU = Debug|Any CPU
		Release|Any CPU = Release|Any CPU
	EndGlobalSection
	GlobalSection(ProjectConfigurationPlatforms) = postSolution
		{6EF49DD7-C268-4EB0-A6F8-D21A96E5BF08}.Debug|Any CPU.ActiveCfg = Debug|Any CPU
		{6EF49DD7-C268-4EB0-A6F8-D21A96E5BF08}.Debug|Any CPU.Build.0 = Debug|Any CPU
		{6EF49DD7-C268-4EB0-A6F8-D21A96E5BF08}.Release|Any CPU.ActiveCfg = Release|Any CPU
		{6EF49DD7-C268-4EB0-A6F8-D21A96E5BF08}.Release|Any CPU.Build.0 = Release|Any CPU
	EndGlobalSection
	GlobalSection(SolutionProperties) = preSolution
		HideSolutionNode = FALSE
	EndGlobalSection
	GlobalSection(ExtensibilityGlobals) = postSolution
		SolutionGuid = {A975EB9B-8319-4D81-8041-53A2527E42EA}
	EndGlobalSection
EndGlobal
