
Microsoft Visual Studio Solution File, Format Version 12.00
# Visual Studio Version 17
VisualStudioVersion = 17.1.32228.430
MinimumVisualStudioVersion = 10.0.40219.1
Project("{FAE04EC0-301F-11D3-BF4B-00C04F79EFBC}") = "Hercules.ED.LoadCVs", "Hercules.ED.LoadCVs\Hercules.ED.LoadCVs.csproj", "{EECE5043-E766-4085-AE49-F8CBD67A8E9F}"
EndProject
Global
	GlobalSection(SolutionConfigurationPlatforms) = preSolution
		Debug|Any CPU = Debug|Any CPU
		Release|Any CPU = Release|Any CPU
	EndGlobalSection
	GlobalSection(ProjectConfigurationPlatforms) = postSolution
		{EECE5043-E766-4085-AE49-F8CBD67A8E9F}.Debug|Any CPU.ActiveCfg = Debug|Any CPU
		{EECE5043-E766-4085-AE49-F8CBD67A8E9F}.Debug|Any CPU.Build.0 = Debug|Any CPU
		{EECE5043-E766-4085-AE49-F8CBD67A8E9F}.Release|Any CPU.ActiveCfg = Release|Any CPU
		{EECE5043-E766-4085-AE49-F8CBD67A8E9F}.Release|Any CPU.Build.0 = Release|Any CPU
	EndGlobalSection
	GlobalSection(SolutionProperties) = preSolution
		HideSolutionNode = FALSE
	EndGlobalSection
	GlobalSection(ExtensibilityGlobals) = postSolution
		SolutionGuid = {4ADE568F-AFD1-47AD-8F01-D1A208744ED5}
	EndGlobalSection
EndGlobal
